Microsoft Visual Studio Solution File, Format Version 12.00
# Visual Studio 2012
Project("{FAE04EC0-301F-11D3-BF4B-00C04F79EFBC}") = "FrogSubtitles", "FrogSubtitles.csproj", "{A44B8F63-D939-42DB-B349-6C1829303FBA}"
EndProject
Global
    GlobalSection(SolutionConfigurationPlatforms) = preSolution
    Debug|Any CPU = Debug|Any CPU
    ExportDebug|Any CPU = ExportDebug|Any CPU
    ExportRelease|Any CPU = ExportRelease|Any CPU
    EndGlobalSection
    GlobalSection(ProjectConfigurationPlatforms) = postSolution
        {A44B8F63-D939-42DB-B349-6C1829303FBA}.Debug|Any CPU.ActiveCfg = Debug|Any CPU
        {A44B8F63-D939-42DB-B349-6C1829303FBA}.Debug|Any CPU.Build.0 = Debug|Any CPU
        {A44B8F63-D939-42DB-B349-6C1829303FBA}.ExportDebug|Any CPU.ActiveCfg = ExportDebug|Any CPU
        {A44B8F63-D939-42DB-B349-6C1829303FBA}.ExportDebug|Any CPU.Build.0 = ExportDebug|Any CPU
        {A44B8F63-D939-42DB-B349-6C1829303FBA}.ExportRelease|Any CPU.ActiveCfg = ExportRelease|Any CPU
        {A44B8F63-D939-42DB-B349-6C1829303FBA}.ExportRelease|Any CPU.Build.0 = ExportRelease|Any CPU
    EndGlobalSection
EndGlobal
